
Microsoft Visual Studio Solution File, Format Version 12.00
# Visual Studio 14
VisualStudioVersion = 14.0.25420.1
MinimumVisualStudioVersion = 10.0.40219.1
Project("{FAE04EC0-301F-11D3-BF4B-00C04F79EFBC}") = "NetduinoPIDController", "NetduinoPIDController\NetduinoPIDController.csproj", "{A08D779F-F732-44F9-912C-89A21E1CE5DB}"
EndProject
Project("{FAE04EC0-301F-11D3-BF4B-00C04F79EFBC}") = "NetduinoPIDController.Tests", "NetduinoPIDController.Tests\NetduinoPIDController.Tests.csproj", "{AB5A5B4C-E607-471F-BC54-5B108BAB8D02}"
EndProject
Project("{FAE04EC0-301F-11D3-BF4B-00C04F79EFBC}") = "CoffeeTemperatureController", "CoffeeTemperatureController\CoffeeTemperatureController.csproj", "{F8BFBCA5-8FD5-402B-8BFE-54E21DAEE6A8}"
EndProject
Global
	GlobalSection(SolutionConfigurationPlatforms) = preSolution
		Debug|Any CPU = Debug|Any CPU
		Release|Any CPU = Release|Any CPU
	EndGlobalSection
	GlobalSection(ProjectConfigurationPlatforms) = postSolution
		{A08D779F-F732-44F9-912C-89A21E1CE5DB}.Debug|Any CPU.ActiveCfg = Debug|Any CPU
		{A08D779F-F732-44F9-912C-89A21E1CE5DB}.Debug|Any CPU.Build.0 = Debug|Any CPU
		{A08D779F-F732-44F9-912C-89A21E1CE5DB}.Debug|Any CPU.Deploy.0 = Debug|Any CPU
		{A08D779F-F732-44F9-912C-89A21E1CE5DB}.Release|Any CPU.ActiveCfg = Release|Any CPU
		{A08D779F-F732-44F9-912C-89A21E1CE5DB}.Release|Any CPU.Build.0 = Release|Any CPU
		{A08D779F-F732-44F9-912C-89A21E1CE5DB}.Release|Any CPU.Deploy.0 = Release|Any CPU
		{AB5A5B4C-E607-471F-BC54-5B108BAB8D02}.Debug|Any CPU.ActiveCfg = Debug|Any CPU
		{AB5A5B4C-E607-471F-BC54-5B108BAB8D02}.Debug|Any CPU.Build.0 = Debug|Any CPU
		{AB5A5B4C-E607-471F-BC54-5B108BAB8D02}.Release|Any CPU.ActiveCfg = Release|Any CPU
		{AB5A5B4C-E607-471F-BC54-5B108BAB8D02}.Release|Any CPU.Build.0 = Release|Any CPU
		{F8BFBCA5-8FD5-402B-8BFE-54E21DAEE6A8}.Debug|Any CPU.ActiveCfg = Debug|Any CPU
		{F8BFBCA5-8FD5-402B-8BFE-54E21DAEE6A8}.Debug|Any CPU.Build.0 = Debug|Any CPU
		{F8BFBCA5-8FD5-402B-8BFE-54E21DAEE6A8}.Debug|Any CPU.Deploy.0 = Debug|Any CPU
		{F8BFBCA5-8FD5-402B-8BFE-54E21DAEE6A8}.Release|Any CPU.ActiveCfg = Release|Any CPU
		{F8BFBCA5-8FD5-402B-8BFE-54E21DAEE6A8}.Release|Any CPU.Build.0 = Release|Any CPU
		{F8BFBCA5-8FD5-402B-8BFE-54E21DAEE6A8}.Release|Any CPU.Deploy.0 = Release|Any CPU
	EndGlobalSection
	GlobalSection(SolutionProperties) = preSolution
		HideSolutionNode = FALSE
	EndGlobalSection
EndGlobal
